
Microsoft Visual Studio Solution File, Format Version 12.00
# Visual Studio Version 17
VisualStudioVersion = 17.14.36804.6
MinimumVisualStudioVersion = 10.0.40219.1
Project("{FAE04EC0-301F-11D3-BF4B-00C04F79EFBC}") = "TileGameMaker", "TileGameMaker\TileGameMaker.csproj", "{96AF8103-AC14-4EB0-AE75-23713D3DBECD}"
EndProject
Project("{FAE04EC0-301F-11D3-BF4B-00C04F79EFBC}") = "TileGameLib", "TileGameLib\TileGameLib.csproj", "{63114010-4733-436E-A8F5-A9A10A0A6D40}"
EndProject
Project("{FAE04EC0-301F-11D3-BF4B-00C04F79EFBC}") = "TileGameEngine", "TileGameEngine\TileGameEngine.csproj", "{30361996-1544-4A9C-993B-3FE021FDC71C}"
	ProjectSection(ProjectDependencies) = postProject
		{63114010-4733-436E-A8F5-A9A10A0A6D40} = {63114010-4733-436E-A8F5-A9A10A0A6D40}
	EndProjectSection
EndProject
Global
	GlobalSection(SolutionConfigurationPlatforms) = preSolution
		Debug|Any CPU = Debug|Any CPU
		Release|Any CPU = Release|Any CPU
	EndGlobalSection
	GlobalSection(ProjectConfigurationPlatforms) = postSolution
		{96AF8103-AC14-4EB0-AE75-23713D3DBECD}.Debug|Any CPU.ActiveCfg = Debug|Any CPU
		{96AF8103-AC14-4EB0-AE75-23713D3DBECD}.Debug|Any CPU.Build.0 = Debug|Any CPU
		{96AF8103-AC14-4EB0-AE75-23713D3DBECD}.Release|Any CPU.ActiveCfg = Release|Any CPU
		{96AF8103-AC14-4EB0-AE75-23713D3DBECD}.Release|Any CPU.Build.0 = Release|Any CPU
		{63114010-4733-436E-A8F5-A9A10A0A6D40}.Debug|Any CPU.ActiveCfg = Debug|Any CPU
		{63114010-4733-436E-A8F5-A9A10A0A6D40}.Debug|Any CPU.Build.0 = Debug|Any CPU
		{63114010-4733-436E-A8F5-A9A10A0A6D40}.Release|Any CPU.ActiveCfg = Release|Any CPU
		{63114010-4733-436E-A8F5-A9A10A0A6D40}.Release|Any CPU.Build.0 = Release|Any CPU
		{30361996-1544-4A9C-993B-3FE021FDC71C}.Debug|Any CPU.ActiveCfg = Debug|Any CPU
		{30361996-1544-4A9C-993B-3FE021FDC71C}.Debug|Any CPU.Build.0 = Debug|Any CPU
		{30361996-1544-4A9C-993B-3FE021FDC71C}.Release|Any CPU.ActiveCfg = Release|Any CPU
		{30361996-1544-4A9C-993B-3FE021FDC71C}.Release|Any CPU.Build.0 = Release|Any CPU
	EndGlobalSection
	GlobalSection(SolutionProperties) = preSolution
		HideSolutionNode = FALSE
	EndGlobalSection
	GlobalSection(ExtensibilityGlobals) = postSolution
		SolutionGuid = {210B474F-C089-4F6C-82D5-5AB98F872727}
	EndGlobalSection
EndGlobal
